
Microsoft Visual Studio Solution File, Format Version 12.00
# Visual Studio Version 17
VisualStudioVersion = 17.0.31903.59
MinimumVisualStudioVersion = 10.0.40219.1
Project("{FAE04EC0-301F-11D3-BF4B-00C04F79EFBC}") = "CalculadoraTestes", "CalculadoraTestes\CalculadoraTestes.csproj", "{9CF7CD25-4C11-4455-B834-0925ECB7FAA4}"
EndProject
Project("{FAE04EC0-301F-11D3-BF4B-00C04F79EFBC}") = "Calculadora", "Calculadora\Calculadora.csproj", "{1FDC6730-AAD9-4C7A-9D09-15AB457511E1}"
EndProject
Global
	GlobalSection(SolutionConfigurationPlatforms) = preSolution
		Debug|Any CPU = Debug|Any CPU
		Release|Any CPU = Release|Any CPU
	EndGlobalSection
	GlobalSection(SolutionProperties) = preSolution
		HideSolutionNode = FALSE
	EndGlobalSection
	GlobalSection(ProjectConfigurationPlatforms) = postSolution
		{9CF7CD25-4C11-4455-B834-0925ECB7FAA4}.Debug|Any CPU.ActiveCfg = Debug|Any CPU
		{9CF7CD25-4C11-4455-B834-0925ECB7FAA4}.Debug|Any CPU.Build.0 = Debug|Any CPU
		{9CF7CD25-4C11-4455-B834-0925ECB7FAA4}.Release|Any CPU.ActiveCfg = Release|Any CPU
		{9CF7CD25-4C11-4455-B834-0925ECB7FAA4}.Release|Any CPU.Build.0 = Release|Any CPU
		{1FDC6730-AAD9-4C7A-9D09-15AB457511E1}.Debug|Any CPU.ActiveCfg = Debug|Any CPU
		{1FDC6730-AAD9-4C7A-9D09-15AB457511E1}.Debug|Any CPU.Build.0 = Debug|Any CPU
		{1FDC6730-AAD9-4C7A-9D09-15AB457511E1}.Release|Any CPU.ActiveCfg = Release|Any CPU
		{1FDC6730-AAD9-4C7A-9D09-15AB457511E1}.Release|Any CPU.Build.0 = Release|Any CPU
	EndGlobalSection
EndGlobal
